
Microsoft Visual Studio Solution File, Format Version 12.00
# Visual Studio 15
Project("{FAE04EC0-301F-11D3-BF4B-00C04F79EFBC}") = "Assembly-CSharp", "Assembly-CSharp.csproj", "{04B30972-6CFA-8FF1-5369-4A82E848C25B}"
EndProject
Project("{FAE04EC0-301F-11D3-BF4B-00C04F79EFBC}") = "Assembly-CSharp-Editor", "Assembly-CSharp-Editor.csproj", "{2369D857-AE8D-5DA2-7620-83AE1C4CFFBF}"
EndProject
Global
	GlobalSection(SolutionConfigurationPlatforms) = preSolution
		Debug|Any CPU = Debug|Any CPU
		Release|Any CPU = Release|Any CPU
	EndGlobalSection
	GlobalSection(ProjectConfigurationPlatforms) = postSolution
		{04B30972-6CFA-8FF1-5369-4A82E848C25B}.Debug|Any CPU.ActiveCfg = Debug|Any CPU
		{04B30972-6CFA-8FF1-5369-4A82E848C25B}.Debug|Any CPU.Build.0 = Debug|Any CPU
		{04B30972-6CFA-8FF1-5369-4A82E848C25B}.Release|Any CPU.ActiveCfg = Release|Any CPU
		{04B30972-6CFA-8FF1-5369-4A82E848C25B}.Release|Any CPU.Build.0 = Release|Any CPU
		{2369D857-AE8D-5DA2-7620-83AE1C4CFFBF}.Debug|Any CPU.ActiveCfg = Debug|Any CPU
		{2369D857-AE8D-5DA2-7620-83AE1C4CFFBF}.Debug|Any CPU.Build.0 = Debug|Any CPU
		{2369D857-AE8D-5DA2-7620-83AE1C4CFFBF}.Release|Any CPU.ActiveCfg = Release|Any CPU
		{2369D857-AE8D-5DA2-7620-83AE1C4CFFBF}.Release|Any CPU.Build.0 = Release|Any CPU
	EndGlobalSection
	GlobalSection(SolutionProperties) = preSolution
		HideSolutionNode = FALSE
	EndGlobalSection
EndGlobal
